
Microsoft Visual Studio Solution File, Format Version 12.00
# Visual Studio 15
VisualStudioVersion = 15.0.25807.0
MinimumVisualStudioVersion = 10.0.40219.1
Project("{2150E333-8FDC-42A3-9474-1A3956D46DE8}") = "Engine", "Engine", "{7B3D799E-B265-4E9F-8844-3CFD88C325EB}"
EndProject
Project("{2150E333-8FDC-42A3-9474-1A3956D46DE8}") = "Games", "Games", "{9CE5C7A3-23C5-4314-9AED-C2F7CD9B10AB}"
EndProject
Project("{8BC9CEB8-8B4A-11D0-8D11-00A0C91BC942}") = "UE4", "Intermediate\ProjectFiles\UE4.vcxproj", "{A72634A8-9684-41DB-88E1-F5CF1458FA5C}"
EndProject
Project("{8BC9CEB8-8B4A-11D0-8D11-00A0C91BC942}") = "ResidentEvil", "Intermediate\ProjectFiles\ResidentEvil.vcxproj", "{F1BB1864-F0E0-4BDD-BE7A-E3F0F4AF8C41}"
EndProject
Global
	GlobalSection(SolutionConfigurationPlatforms) = preSolution
		DebugGame Editor|HTML5 = DebugGame Editor|HTML5
		DebugGame Editor|Win32 = DebugGame Editor|Win32
		DebugGame Editor|Win64 = DebugGame Editor|Win64
		DebugGame|HTML5 = DebugGame|HTML5
		DebugGame|Win32 = DebugGame|Win32
		DebugGame|Win64 = DebugGame|Win64
		Development Editor|HTML5 = Development Editor|HTML5
		Development Editor|Win32 = Development Editor|Win32
		Development Editor|Win64 = Development Editor|Win64
		Development|HTML5 = Development|HTML5
		Development|Win32 = Development|Win32
		Development|Win64 = Development|Win64
		Shipping|HTML5 = Shipping|HTML5
		Shipping|Win32 = Shipping|Win32
		Shipping|Win64 = Shipping|Win64
	EndGlobalSection
	GlobalSection(ProjectConfigurationPlatforms) = postSolution
		{A72634A8-9684-41DB-88E1-F5CF1458FA5C}.DebugGame Editor|HTML5.ActiveCfg = BuiltWithUnrealBuildTool|Win32
		{A72634A8-9684-41DB-88E1-F5CF1458FA5C}.DebugGame Editor|HTML5.Build.0 = BuiltWithUnrealBuildTool|Win32
		{A72634A8-9684-41DB-88E1-F5CF1458FA5C}.DebugGame Editor|Win32.ActiveCfg = BuiltWithUnrealBuildTool|Win32
		{A72634A8-9684-41DB-88E1-F5CF1458FA5C}.DebugGame Editor|Win32.Build.0 = BuiltWithUnrealBuildTool|Win32
		{A72634A8-9684-41DB-88E1-F5CF1458FA5C}.DebugGame Editor|Win64.ActiveCfg = BuiltWithUnrealBuildTool|Win32
		{A72634A8-9684-41DB-88E1-F5CF1458FA5C}.DebugGame Editor|Win64.Build.0 = BuiltWithUnrealBuildTool|Win32
		{A72634A8-9684-41DB-88E1-F5CF1458FA5C}.DebugGame|HTML5.ActiveCfg = BuiltWithUnrealBuildTool|Win32
		{A72634A8-9684-41DB-88E1-F5CF1458FA5C}.DebugGame|HTML5.Build.0 = BuiltWithUnrealBuildTool|Win32
		{A72634A8-9684-41DB-88E1-F5CF1458FA5C}.DebugGame|Win32.ActiveCfg = BuiltWithUnrealBuildTool|Win32
		{A72634A8-9684-41DB-88E1-F5CF1458FA5C}.DebugGame|Win32.Build.0 = BuiltWithUnrealBuildTool|Win32
		{A72634A8-9684-41DB-88E1-F5CF1458FA5C}.DebugGame|Win64.ActiveCfg = BuiltWithUnrealBuildTool|Win32
		{A72634A8-9684-41DB-88E1-F5CF1458FA5C}.DebugGame|Win64.Build.0 = BuiltWithUnrealBuildTool|Win32
		{A72634A8-9684-41DB-88E1-F5CF1458FA5C}.Development Editor|HTML5.ActiveCfg = BuiltWithUnrealBuildTool|Win32
		{A72634A8-9684-41DB-88E1-F5CF1458FA5C}.Development Editor|HTML5.Build.0 = BuiltWithUnrealBuildTool|Win32
		{A72634A8-9684-41DB-88E1-F5CF1458FA5C}.Development Editor|Win32.ActiveCfg = BuiltWithUnrealBuildTool|Win32
		{A72634A8-9684-41DB-88E1-F5CF1458FA5C}.Development Editor|Win32.Build.0 = BuiltWithUnrealBuildTool|Win32
		{A72634A8-9684-41DB-88E1-F5CF1458FA5C}.Development Editor|Win64.ActiveCfg = BuiltWithUnrealBuildTool|Win32
		{A72634A8-9684-41DB-88E1-F5CF1458FA5C}.Development Editor|Win64.Build.0 = BuiltWithUnrealBuildTool|Win32
		{A72634A8-9684-41DB-88E1-F5CF1458FA5C}.Development|HTML5.ActiveCfg = BuiltWithUnrealBuildTool|Win32
		{A72634A8-9684-41DB-88E1-F5CF1458FA5C}.Development|HTML5.Build.0 = BuiltWithUnrealBuildTool|Win32
		{A72634A8-9684-41DB-88E1-F5CF1458FA5C}.Development|Win32.ActiveCfg = BuiltWithUnrealBuildTool|Win32
		{A72634A8-9684-41DB-88E1-F5CF1458FA5C}.Development|Win32.Build.0 = BuiltWithUnrealBuildTool|Win32
		{A72634A8-9684-41DB-88E1-F5CF1458FA5C}.Development|Win64.ActiveCfg = BuiltWithUnrealBuildTool|Win32
		{A72634A8-9684-41DB-88E1-F5CF1458FA5C}.Development|Win64.Build.0 = BuiltWithUnrealBuildTool|Win32
		{A72634A8-9684-41DB-88E1-F5CF1458FA5C}.Shipping|HTML5.ActiveCfg = BuiltWithUnrealBuildTool|Win32
		{A72634A8-9684-41DB-88E1-F5CF1458FA5C}.Shipping|HTML5.Build.0 = BuiltWithUnrealBuildTool|Win32
		{A72634A8-9684-41DB-88E1-F5CF1458FA5C}.Shipping|Win32.ActiveCfg = BuiltWithUnrealBuildTool|Win32
		{A72634A8-9684-41DB-88E1-F5CF1458FA5C}.Shipping|Win32.Build.0 = BuiltWithUnrealBuildTool|Win32
		{A72634A8-9684-41DB-88E1-F5CF1458FA5C}.Shipping|Win64.ActiveCfg = BuiltWithUnrealBuildTool|Win32
		{A72634A8-9684-41DB-88E1-F5CF1458FA5C}.Shipping|Win64.Build.0 = BuiltWithUnrealBuildTool|Win32
		{F1BB1864-F0E0-4BDD-BE7A-E3F0F4AF8C41}.DebugGame Editor|HTML5.ActiveCfg = HTML5_DebugGame_Editor|Win32
		{F1BB1864-F0E0-4BDD-BE7A-E3F0F4AF8C41}.DebugGame Editor|Win32.ActiveCfg = DebugGame_Editor|Win32
		{F1BB1864-F0E0-4BDD-BE7A-E3F0F4AF8C41}.DebugGame Editor|Win64.ActiveCfg = DebugGame_Editor|x64
		{F1BB1864-F0E0-4BDD-BE7A-E3F0F4AF8C41}.DebugGame Editor|Win64.Build.0 = DebugGame_Editor|x64
		{F1BB1864-F0E0-4BDD-BE7A-E3F0F4AF8C41}.DebugGame|HTML5.ActiveCfg = HTML5_DebugGame_Game|Win32
		{F1BB1864-F0E0-4BDD-BE7A-E3F0F4AF8C41}.DebugGame|HTML5.Build.0 = HTML5_DebugGame_Game|Win32
		{F1BB1864-F0E0-4BDD-BE7A-E3F0F4AF8C41}.DebugGame|Win32.ActiveCfg = DebugGame_Game|Win32
		{F1BB1864-F0E0-4BDD-BE7A-E3F0F4AF8C41}.DebugGame|Win32.Build.0 = DebugGame_Game|Win32
		{F1BB1864-F0E0-4BDD-BE7A-E3F0F4AF8C41}.DebugGame|Win64.ActiveCfg = DebugGame_Game|x64
		{F1BB1864-F0E0-4BDD-BE7A-E3F0F4AF8C41}.DebugGame|Win64.Build.0 = DebugGame_Game|x64
		{F1BB1864-F0E0-4BDD-BE7A-E3F0F4AF8C41}.Development Editor|HTML5.ActiveCfg = HTML5_Development_Editor|Win32
		{F1BB1864-F0E0-4BDD-BE7A-E3F0F4AF8C41}.Development Editor|Win32.ActiveCfg = Development_Editor|Win32
		{F1BB1864-F0E0-4BDD-BE7A-E3F0F4AF8C41}.Development Editor|Win64.ActiveCfg = Development_Editor|x64
		{F1BB1864-F0E0-4BDD-BE7A-E3F0F4AF8C41}.Development Editor|Win64.Build.0 = Development_Editor|x64
		{F1BB1864-F0E0-4BDD-BE7A-E3F0F4AF8C41}.Development|HTML5.ActiveCfg = HTML5_Development_Game|Win32
		{F1BB1864-F0E0-4BDD-BE7A-E3F0F4AF8C41}.Development|HTML5.Build.0 = HTML5_Development_Game|Win32
		{F1BB1864-F0E0-4BDD-BE7A-E3F0F4AF8C41}.Development|Win32.ActiveCfg = Development_Game|Win32
		{F1BB1864-F0E0-4BDD-BE7A-E3F0F4AF8C41}.Development|Win32.Build.0 = Development_Game|Win32
		{F1BB1864-F0E0-4BDD-BE7A-E3F0F4AF8C41}.Development|Win64.ActiveCfg = Development_Game|x64
		{F1BB1864-F0E0-4BDD-BE7A-E3F0F4AF8C41}.Development|Win64.Build.0 = Development_Game|x64
		{F1BB1864-F0E0-4BDD-BE7A-E3F0F4AF8C41}.Shipping|HTML5.ActiveCfg = HTML5_Shipping_Game|Win32
		{F1BB1864-F0E0-4BDD-BE7A-E3F0F4AF8C41}.Shipping|HTML5.Build.0 = HTML5_Shipping_Game|Win32
		{F1BB1864-F0E0-4BDD-BE7A-E3F0F4AF8C41}.Shipping|Win32.ActiveCfg = Shipping_Game|Win32
		{F1BB1864-F0E0-4BDD-BE7A-E3F0F4AF8C41}.Shipping|Win32.Build.0 = Shipping_Game|Win32
		{F1BB1864-F0E0-4BDD-BE7A-E3F0F4AF8C41}.Shipping|Win64.ActiveCfg = Shipping_Game|x64
		{F1BB1864-F0E0-4BDD-BE7A-E3F0F4AF8C41}.Shipping|Win64.Build.0 = Shipping_Game|x64
	EndGlobalSection
	GlobalSection(SolutionProperties) = preSolution
		HideSolutionNode = FALSE
	EndGlobalSection
	GlobalSection(NestedProjects) = preSolution
		{A72634A8-9684-41DB-88E1-F5CF1458FA5C} = {7B3D799E-B265-4E9F-8844-3CFD88C325EB}
		{F1BB1864-F0E0-4BDD-BE7A-E3F0F4AF8C41} = {9CE5C7A3-23C5-4314-9AED-C2F7CD9B10AB}
	EndGlobalSection
	GlobalSection(ExtensibilityGlobals) = postSolution
		SolutionGuid = {FA823B68-5ADB-486E-9E73-4C3DD71A2D27}
	EndGlobalSection
EndGlobal
